
Microsoft Visual Studio Solution File, Format Version 12.00
# Visual Studio Version 17
VisualStudioVersion = 17.8.34330.188
MinimumVisualStudioVersion = 10.0.40219.1
Project("{FAE04EC0-301F-11D3-BF4B-00C04F79EFBC}") = "BranchTask", "BranchTask\BranchTask.csproj", "{046C7DA4-EAAD-4514-B58B-14B47547A54C}"
EndProject
Global
	GlobalSection(SolutionConfigurationPlatforms) = preSolution
		Debug|Any CPU = Debug|Any CPU
		Release|Any CPU = Release|Any CPU
	EndGlobalSection
	GlobalSection(ProjectConfigurationPlatforms) = postSolution
		{046C7DA4-EAAD-4514-B58B-14B47547A54C}.Debug|Any CPU.ActiveCfg = Debug|Any CPU
		{046C7DA4-EAAD-4514-B58B-14B47547A54C}.Debug|Any CPU.Build.0 = Debug|Any CPU
		{046C7DA4-EAAD-4514-B58B-14B47547A54C}.Release|Any CPU.ActiveCfg = Release|Any CPU
		{046C7DA4-EAAD-4514-B58B-14B47547A54C}.Release|Any CPU.Build.0 = Release|Any CPU
	EndGlobalSection
	GlobalSection(SolutionProperties) = preSolution
		HideSolutionNode = FALSE
	EndGlobalSection
	GlobalSection(ExtensibilityGlobals) = postSolution
		SolutionGuid = {1D27A3E9-2DB5-4C84-B029-4DBE7433B839}
	EndGlobalSection
EndGlobal
